
Microsoft Visual Studio Solution File, Format Version 12.00
# Visual Studio Version 17
VisualStudioVersion = 17.5.002.0
MinimumVisualStudioVersion = 10.0.40219.1
Project("{9A19103F-16F7-4668-BE54-9A1E7A4F7556}") = "FortniteCS", "FortniteCS\FortniteCS.csproj", "{FD86C429-1EB1-4D27-A2AF-CCD7E0ADFF38}"
EndProject
Project("{9A19103F-16F7-4668-BE54-9A1E7A4F7556}") = "Lobbybot", "Lobbybot\Lobbybot.csproj", "{5E5350FF-AC10-4881-9E9A-66401C17B10F}"
EndProject
Global
	GlobalSection(SolutionConfigurationPlatforms) = preSolution
		Debug|Any CPU = Debug|Any CPU
		Release|Any CPU = Release|Any CPU
	EndGlobalSection
	GlobalSection(ProjectConfigurationPlatforms) = postSolution
		{FD86C429-1EB1-4D27-A2AF-CCD7E0ADFF38}.Debug|Any CPU.ActiveCfg = Debug|Any CPU
		{FD86C429-1EB1-4D27-A2AF-CCD7E0ADFF38}.Debug|Any CPU.Build.0 = Debug|Any CPU
		{FD86C429-1EB1-4D27-A2AF-CCD7E0ADFF38}.Release|Any CPU.ActiveCfg = Release|Any CPU
		{FD86C429-1EB1-4D27-A2AF-CCD7E0ADFF38}.Release|Any CPU.Build.0 = Release|Any CPU
		{5E5350FF-AC10-4881-9E9A-66401C17B10F}.Debug|Any CPU.ActiveCfg = Debug|Any CPU
		{5E5350FF-AC10-4881-9E9A-66401C17B10F}.Debug|Any CPU.Build.0 = Debug|Any CPU
		{5E5350FF-AC10-4881-9E9A-66401C17B10F}.Release|Any CPU.ActiveCfg = Release|Any CPU
		{5E5350FF-AC10-4881-9E9A-66401C17B10F}.Release|Any CPU.Build.0 = Release|Any CPU
	EndGlobalSection
	GlobalSection(SolutionProperties) = preSolution
		HideSolutionNode = FALSE
	EndGlobalSection
	GlobalSection(ExtensibilityGlobals) = postSolution
		SolutionGuid = {256FD788-D42B-4E26-B130-58C083BFAFF1}
	EndGlobalSection
EndGlobal
